
Microsoft Visual Studio Solution File, Format Version 12.00
# Visual Studio Version 17
VisualStudioVersion = 17.5.33530.505
MinimumVisualStudioVersion = 10.0.40219.1
Project("{9A19103F-16F7-4668-BE54-9A1E7A4F7556}") = "iRacing-TV Controller", "iRacing-TV Controller.csproj", "{3D0A6C4B-D824-4BB9-A024-4931D4B1A499}"
EndProject
Project("{9A19103F-16F7-4668-BE54-9A1E7A4F7556}") = "irsdkSharp", "..\irsdkSharp\src\irsdkSharp\irsdkSharp.csproj", "{1371DEEC-7B38-4F72-A4F1-80B0CFB68CBE}"
EndProject
Project("{9A19103F-16F7-4668-BE54-9A1E7A4F7556}") = "irsdkSharp.Serialization", "..\irsdkSharp\src\irsdkSharp.Serialization\irsdkSharp.Serialization.csproj", "{CA09D199-EDBF-44A6-B96C-785829790C28}"
EndProject
Project("{FAE04EC0-301F-11D3-BF4B-00C04F79EFBC}") = "irtvStreamDeckPlugin", "..\irtvStreamDeckPlugin\irtvStreamDeckPlugin.csproj", "{655324BC-73AD-41E0-8EF9-CCD724CFEEE9}"
EndProject
Project("{FAE04EC0-301F-11D3-BF4B-00C04F79EFBC}") = "StreamDeckCommunicator", "..\StreamDeckCommunicator\StreamDeckCommunicator.csproj", "{4CDCD49F-B1D0-48F8-A180-5BE90109283D}"
EndProject
Project("{FAE04EC0-301F-11D3-BF4B-00C04F79EFBC}") = "CommonStreamdeckTypes", "..\CommonStreamdeckTypes\CommonStreamdeckTypes.csproj", "{4904350F-62A2-4740-9B43-8BDB6B721917}"
EndProject
Global
	GlobalSection(SolutionConfigurationPlatforms) = preSolution
		Debug|Any CPU = Debug|Any CPU
		Release|Any CPU = Release|Any CPU
	EndGlobalSection
	GlobalSection(ProjectConfigurationPlatforms) = postSolution
		{3D0A6C4B-D824-4BB9-A024-4931D4B1A499}.Debug|Any CPU.ActiveCfg = Debug|Any CPU
		{3D0A6C4B-D824-4BB9-A024-4931D4B1A499}.Debug|Any CPU.Build.0 = Debug|Any CPU
		{3D0A6C4B-D824-4BB9-A024-4931D4B1A499}.Release|Any CPU.ActiveCfg = Release|Any CPU
		{3D0A6C4B-D824-4BB9-A024-4931D4B1A499}.Release|Any CPU.Build.0 = Release|Any CPU
		{1371DEEC-7B38-4F72-A4F1-80B0CFB68CBE}.Debug|Any CPU.ActiveCfg = Debug|Any CPU
		{1371DEEC-7B38-4F72-A4F1-80B0CFB68CBE}.Debug|Any CPU.Build.0 = Debug|Any CPU
		{1371DEEC-7B38-4F72-A4F1-80B0CFB68CBE}.Release|Any CPU.ActiveCfg = Release|Any CPU
		{1371DEEC-7B38-4F72-A4F1-80B0CFB68CBE}.Release|Any CPU.Build.0 = Release|Any CPU
		{CA09D199-EDBF-44A6-B96C-785829790C28}.Debug|Any CPU.ActiveCfg = Debug|Any CPU
		{CA09D199-EDBF-44A6-B96C-785829790C28}.Debug|Any CPU.Build.0 = Debug|Any CPU
		{CA09D199-EDBF-44A6-B96C-785829790C28}.Release|Any CPU.ActiveCfg = Release|Any CPU
		{CA09D199-EDBF-44A6-B96C-785829790C28}.Release|Any CPU.Build.0 = Release|Any CPU
		{655324BC-73AD-41E0-8EF9-CCD724CFEEE9}.Debug|Any CPU.ActiveCfg = Debug|Any CPU
		{655324BC-73AD-41E0-8EF9-CCD724CFEEE9}.Debug|Any CPU.Build.0 = Debug|Any CPU
		{655324BC-73AD-41E0-8EF9-CCD724CFEEE9}.Release|Any CPU.ActiveCfg = Release|Any CPU
		{655324BC-73AD-41E0-8EF9-CCD724CFEEE9}.Release|Any CPU.Build.0 = Release|Any CPU
		{4CDCD49F-B1D0-48F8-A180-5BE90109283D}.Debug|Any CPU.ActiveCfg = Debug|Any CPU
		{4CDCD49F-B1D0-48F8-A180-5BE90109283D}.Debug|Any CPU.Build.0 = Debug|Any CPU
		{4CDCD49F-B1D0-48F8-A180-5BE90109283D}.Release|Any CPU.ActiveCfg = Release|Any CPU
		{4CDCD49F-B1D0-48F8-A180-5BE90109283D}.Release|Any CPU.Build.0 = Release|Any CPU
		{4904350F-62A2-4740-9B43-8BDB6B721917}.Debug|Any CPU.ActiveCfg = Debug|Any CPU
		{4904350F-62A2-4740-9B43-8BDB6B721917}.Debug|Any CPU.Build.0 = Debug|Any CPU
		{4904350F-62A2-4740-9B43-8BDB6B721917}.Release|Any CPU.ActiveCfg = Release|Any CPU
		{4904350F-62A2-4740-9B43-8BDB6B721917}.Release|Any CPU.Build.0 = Release|Any CPU
	EndGlobalSection
	GlobalSection(SolutionProperties) = preSolution
		HideSolutionNode = FALSE
	EndGlobalSection
	GlobalSection(ExtensibilityGlobals) = postSolution
		SolutionGuid = {42C91F76-E583-493A-8CA6-783E0DFF6885}
	EndGlobalSection
EndGlobal
